
Microsoft Visual Studio Solution File, Format Version 12.00
# Visual Studio Version 16
VisualStudioVersion = 16.0.30804.86
MinimumVisualStudioVersion = 10.0.40219.1
Project("{FAE04EC0-301F-11D3-BF4B-00C04F79EFBC}") = "AX2012AIFProxySample", "AX2012AIFProxySample.csproj", "{9998781A-B430-4B51-9C57-DCB51898F589}"
EndProject
Global
	GlobalSection(SolutionConfigurationPlatforms) = preSolution
		Debug|Any CPU = Debug|Any CPU
		Release|Any CPU = Release|Any CPU
	EndGlobalSection
	GlobalSection(ProjectConfigurationPlatforms) = postSolution
		{9998781A-B430-4B51-9C57-DCB51898F589}.Debug|Any CPU.ActiveCfg = Debug|Any CPU
		{9998781A-B430-4B51-9C57-DCB51898F589}.Debug|Any CPU.Build.0 = Debug|Any CPU
		{9998781A-B430-4B51-9C57-DCB51898F589}.Release|Any CPU.ActiveCfg = Release|Any CPU
		{9998781A-B430-4B51-9C57-DCB51898F589}.Release|Any CPU.Build.0 = Release|Any CPU
	EndGlobalSection
	GlobalSection(SolutionProperties) = preSolution
		HideSolutionNode = FALSE
	EndGlobalSection
	GlobalSection(ExtensibilityGlobals) = postSolution
		SolutionGuid = {D67BAE7B-66B3-454A-B25B-AF52F31D2349}
	EndGlobalSection
EndGlobal
